
Microsoft Visual Studio Solution File, Format Version 12.00
# Visual Studio Version 17
VisualStudioVersion = 17.4.33110.190
MinimumVisualStudioVersion = 10.0.40219.1
Project("{8BC9CEB8-8B4A-11D0-8D11-00A0C91BC942}") = "Ivan_Savochkin_PI22A_K1_Programa3", "Ivan_Savochkin_PI22A_K1_Programa3.vcxproj", "{3AFE30BB-D902-45BF-A778-AAF70C25D5BC}"
EndProject
Global
	GlobalSection(SolutionConfigurationPlatforms) = preSolution
		Debug|x64 = Debug|x64
		Debug|x86 = Debug|x86
		Release|x64 = Release|x64
		Release|x86 = Release|x86
	EndGlobalSection
	GlobalSection(ProjectConfigurationPlatforms) = postSolution
		{3AFE30BB-D902-45BF-A778-AAF70C25D5BC}.Debug|x64.ActiveCfg = Debug|x64
		{3AFE30BB-D902-45BF-A778-AAF70C25D5BC}.Debug|x64.Build.0 = Debug|x64
		{3AFE30BB-D902-45BF-A778-AAF70C25D5BC}.Debug|x86.ActiveCfg = Debug|Win32
		{3AFE30BB-D902-45BF-A778-AAF70C25D5BC}.Debug|x86.Build.0 = Debug|Win32
		{3AFE30BB-D902-45BF-A778-AAF70C25D5BC}.Release|x64.ActiveCfg = Release|x64
		{3AFE30BB-D902-45BF-A778-AAF70C25D5BC}.Release|x64.Build.0 = Release|x64
		{3AFE30BB-D902-45BF-A778-AAF70C25D5BC}.Release|x86.ActiveCfg = Release|Win32
		{3AFE30BB-D902-45BF-A778-AAF70C25D5BC}.Release|x86.Build.0 = Release|Win32
	EndGlobalSection
	GlobalSection(SolutionProperties) = preSolution
		HideSolutionNode = FALSE
	EndGlobalSection
	GlobalSection(ExtensibilityGlobals) = postSolution
		SolutionGuid = {55C02698-9A34-4F86-91D0-73ADE0CEF6BB}
	EndGlobalSection
EndGlobal
